{
  "name": "nodejs",
  "version": "1.0.0",
  "lockfileVersion": 3,
  "requires": true,
  "packages": {
    "": {
      "name": "nodejs",
      "version": "1.0.0",
      "license": "ISC",
      "dependencies": {
        "figlet": "^1.8.0",
        "random": "^5.3.0",
        "random-words": "^2.0.1",
        "words": "^0.3.0"
      }
    },
    "../../../../AppData/Roaming/npm/node_modules/figlet": {
      "version": "1.8.0",
      "license": "MIT",
      "bin": {
        "figlet": "bin/index.js"
      },
      "devDependencies": {
        "async": "~3.2.4",
        "grunt": "^1.6.1",
        "grunt-contrib-clean": "~2.0.1",
        "grunt-contrib-jshint": "^3.2.0",
        "grunt-contrib-nodeunit": "~5.0.0",
        "grunt-contrib-uglify": "^5.2.2",
        "husky": "^8.0.3",
        "lint-staged": "^13.2.1",
        "prettier": "2.8.7"
      },
      "engines": {
        "node": ">= 0.4.0"
      }
    },
    "node_modules/figlet": {
      "resolved": "../../../../AppData/Roaming/npm/node_modules/figlet",
      "link": true
    },
    "node_modules/random": {
      "version": "5.3.0",
      "resolved": "https://registry.npmjs.org/random/-/random-5.3.0.tgz",
      "integrity": "sha512-Gm/L+xTpi1V+//XbnTnvRRlSsbHxJv+AeC1RzqaFLbWwXL8m+bvf6iM0+M+yQoAH8dmcWcZHmP/VZtOu5Zk2DQ==",
      "license": "MIT",
      "engines": {
        "node": ">=18"
      }
    },
    "node_modules/random-words": {
      "version": "2.0.1",
      "resolved": "https://registry.npmjs.org/random-words/-/random-words-2.0.1.tgz",
      "integrity": "sha512-nZNJAmgcFmtJMTDDIUCm/iK4R6RydC6NvALvWhYItXQrgYGk1F7Gww416LpVROFQtfVd5TaLEf4WuSsko03N7w==",
      "license": "MIT",
      "dependencies": {
        "seedrandom": "^3.0.5"
      }
    },
    "node_modules/react": {
      "version": "19.0.0",
      "resolved": "https://registry.npmjs.org/react/-/react-19.0.0.tgz",
      "integrity": "sha512-V8AVnmPIICiWpGfm6GLzCR/W5FXLchHop40W4nXBmdlEceh16rCN8O8LNWm5bh5XUX91fh7KpA+W0TgMKmgTpQ==",
      "license": "MIT",
      "peer": true,
      "engines": {
        "node": ">=0.10.0"
      }
    },
    "node_modules/seedrandom": {
      "version": "3.0.5",
      "resolved": "https://registry.npmjs.org/seedrandom/-/seedrandom-3.0.5.tgz",
      "integrity": "sha512-8OwmbklUNzwezjGInmZ+2clQmExQPvomqjL7LFqOYqtmuxRgQYqOD3mHaU+MvZn5FLUeVxVfQjwLZW/n/JFuqg==",
      "license": "MIT"
    },
    "node_modules/words": {
      "version": "0.3.0",
      "resolved": "https://registry.npmjs.org/words/-/words-0.3.0.tgz",
      "integrity": "sha512-oejl1UFIGMeTELSBFCzjt7SzEAuGcfi7jIQVz8mHkXHeydiAyX2j6vhXeX1Zz68osGkDTVpPrLV28BydVyJ06g==",
      "license": "MIT",
      "peerDependencies": {
        "react": ">=16.9.0"
      }
    }
  }
}
